
Microsoft Visual Studio Solution File, Format Version 12.00
# Visual Studio Version 17
VisualStudioVersion = 17.9.34701.34
MinimumVisualStudioVersion = 10.0.40219.1
Project("{9A19103F-16F7-4668-BE54-9A1E7A4F7556}") = "SistCadVisita.API", "SistCadVisita.API.csproj", "{201DC12A-8912-44FB-8EA3-535EB13C4AFA}"
EndProject
Global
	GlobalSection(SolutionConfigurationPlatforms) = preSolution
		Debug|Any CPU = Debug|Any CPU
		Release|Any CPU = Release|Any CPU
	EndGlobalSection
	GlobalSection(ProjectConfigurationPlatforms) = postSolution
		{201DC12A-8912-44FB-8EA3-535EB13C4AFA}.Debug|Any CPU.ActiveCfg = Debug|Any CPU
		{201DC12A-8912-44FB-8EA3-535EB13C4AFA}.Debug|Any CPU.Build.0 = Debug|Any CPU
		{201DC12A-8912-44FB-8EA3-535EB13C4AFA}.Release|Any CPU.ActiveCfg = Release|Any CPU
		{201DC12A-8912-44FB-8EA3-535EB13C4AFA}.Release|Any CPU.Build.0 = Release|Any CPU
	EndGlobalSection
	GlobalSection(SolutionProperties) = preSolution
		HideSolutionNode = FALSE
	EndGlobalSection
	GlobalSection(ExtensibilityGlobals) = postSolution
		SolutionGuid = {F475E6CF-10BD-4657-BB0F-61E605D3BCBE}
	EndGlobalSection
EndGlobal
